# THIS IS AN AUTOGENERATED FILE. DO NOT EDIT THIS FILE DIRECTLY.
# yarn lockfile v1


webpack-shell-plugin@^0.5.0:
  version "0.5.0"
  resolved "https://registry.yarnpkg.com/webpack-shell-plugin/-/webpack-shell-plugin-0.5.0.tgz#29b8a1d80ddeae0ddb10e729667f728653c2c742"
  integrity sha1-Kbih2A3erg3bEOcpZn9yhlPCx0I=
