# THIS IS AN AUTOGENERATED FILE. DO NOT EDIT THIS FILE DIRECTLY.
# yarn lockfile v1


"@tauri-apps/api@../../tooling/api/dist":
  version "1.0.0-rc.0"
  dependencies:
    type-fest "2.5.1"

type-fest@2.5.1:
  version "2.5.1"
  resolved "https://registry.yarnpkg.com/type-fest/-/type-fest-2.5.1.tgz#17ba4f36a6abfabf0a92005d045dca77564607b0"
  integrity sha512-JDcsxbLR6Z6OcL7TnGAAAGQrY4g7Q4EEALMT4Kp6FQuIc0JLQvOF3l7ejFvx8o5GmLlfMseTWUL++sYFP+o8kw==
